
Microsoft Visual Studio Solution File, Format Version 12.00
# Visual Studio Version 17
VisualStudioVersion = 17.9.34607.119
MinimumVisualStudioVersion = 10.0.40219.1
Project("{FAE04EC0-301F-11D3-BF4B-00C04F79EFBC}") = "Objects&Classes2", "Objects&Classes2.csproj", "{4A843109-4D04-41E1-BBD0-4B8C7D09057B}"
EndProject
Global
	GlobalSection(SolutionConfigurationPlatforms) = preSolution
		Debug|Any CPU = Debug|Any CPU
		Release|Any CPU = Release|Any CPU
	EndGlobalSection
	GlobalSection(ProjectConfigurationPlatforms) = postSolution
		{4A843109-4D04-41E1-BBD0-4B8C7D09057B}.Debug|Any CPU.ActiveCfg = Debug|Any CPU
		{4A843109-4D04-41E1-BBD0-4B8C7D09057B}.Debug|Any CPU.Build.0 = Debug|Any CPU
		{4A843109-4D04-41E1-BBD0-4B8C7D09057B}.Release|Any CPU.ActiveCfg = Release|Any CPU
		{4A843109-4D04-41E1-BBD0-4B8C7D09057B}.Release|Any CPU.Build.0 = Release|Any CPU
	EndGlobalSection
	GlobalSection(SolutionProperties) = preSolution
		HideSolutionNode = FALSE
	EndGlobalSection
	GlobalSection(ExtensibilityGlobals) = postSolution
		SolutionGuid = {676D013F-5E20-432B-B43D-EE75C495754F}
	EndGlobalSection
EndGlobal
